// !$*UTF8*$!
{
	archiveVersion = 1;
	classes = {
	};
	objectVersion = 55;
	objects = {

/* Begin PBXBuildFile section */
		F832B1EB2832A5280071727A /* Tests_iOS.swift in Sources */ = {isa = PBXBuildFile; fileRef = F832B1EA2832A5280071727A /* Tests_iOS.swift */; };
		F832B1ED2832A5280071727A /* Tests_iOSLaunchTests.swift in Sources */ = {isa = PBXBuildFile; fileRef = F832B1EC2832A5280071727A /* Tests_iOSLaunchTests.swift */; };
		F832B1F72832A5280071727A /* Tests_macOS.swift in Sources */ = {isa = PBXBuildFile; fileRef = F832B1F62832A5280071727A /* Tests_macOS.swift */; };
		F832B1F92832A5280071727A /* Tests_macOSLaunchTests.swift in Sources */ = {isa = PBXBuildFile; fileRef = F832B1F82832A5280071727A /* Tests_macOSLaunchTests.swift */; };
		F832B1FA2832A5280071727A /* MVVMTestApp.swift in Sources */ = {isa = PBXBuildFile; fileRef = F832B1D22832A5270071727A /* MVVMTestApp.swift */; };
		F832B1FB2832A5280071727A /* MVVMTestApp.swift in Sources */ = {isa = PBXBuildFile; fileRef = F832B1D22832A5270071727A /* MVVMTestApp.swift */; };
		F832B1FC2832A5280071727A /* ContentView.swift in Sources */ = {isa = PBXBuildFile; fileRef = F832B1D32832A5270071727A /* ContentView.swift */; };
		F832B1FD2832A5280071727A /* ContentView.swift in Sources */ = {isa = PBXBuildFile; fileRef = F832B1D32832A5270071727A /* ContentView.swift */; };
		F832B1FE2832A5280071727A /* Assets.xcassets in Resources */ = {isa = PBXBuildFile; fileRef = F832B1D42832A5280071727A /* Assets.xcassets */; };
		F832B1FF2832A5280071727A /* Assets.xcassets in Resources */ = {isa = PBXBuildFile; fileRef = F832B1D42832A5280071727A /* Assets.xcassets */; };
/* End PBXBuildFile section */

/* Begin PBXContainerItemProxy section */
		F832B1E72832A5280071727A /* PBXContainerItemProxy */ = {
			isa = PBXContainerItemProxy;
			containerPortal = F832B1CD2832A5270071727A /* Project object */;
			proxyType = 1;
			remoteGlobalIDString = F832B1D82832A5280071727A;
			remoteInfo = "MVVMTest (iOS)";
		};
		F832B1F32832A5280071727A /* PBXContainerItemProxy */ = {
			isa = PBXContainerItemProxy;
			containerPortal = F832B1CD2832A5270071727A /* Project object */;
			proxyType = 1;
			remoteGlobalIDString = F832B1DE2832A5280071727A;
			remoteInfo = "MVVMTest (macOS)";
		};
/* End PBXContainerItemProxy section */

/* Begin PBXFileReference section */
		F832B1D22832A5270071727A /* MVVMTestApp.swift */ = {isa = PBXFileReference; lastKnownFileType = sourcecode.swift; path = MVVMTestApp.swift; sourceTree = "<group>"; };
		F832B1D32832A5270071727A /* ContentView.swift */ = {isa = PBXFileReference; lastKnownFileType = sourcecode.swift; path = ContentView.swift; sourceTree = "<group>"; };
		F832B1D42832A5280071727A /* Assets.xcassets */ = {isa = PBXFileReference; lastKnownFileType = folder.assetcatalog; path = Assets.xcassets; sourceTree = "<group>"; };
		F832B1D92832A5280071727A /* MVVMTest.app */ = {isa = PBXFileReference; explicitFileType = wrapper.application; includeInIndex = 0; path = MVVMTest.app; sourceTree = BUILT_PRODUCTS_DIR; };
		F832B1DF2832A5280071727A /* MVVMTest.app */ = {isa = PBXFileReference; explicitFileType = wrapper.application; includeInIndex = 0; path = MVVMTest.app; sourceTree = BUILT_PRODUCTS_DIR; };
		F832B1E12832A5280071727A /* macOS.entitlements */ = {isa = PBXFileReference; lastKnownFileType = text.plist.entitlements; path = macOS.entitlements; sourceTree = "<group>"; };
		F832B1E62832A5280071727A /* Tests iOS.xctest */ = {isa = PBXFileReference; explicitFileType = wrapper.cfbundle; includeInIndex = 0; path = "Tests iOS.xctest"; sourceTree = BUILT_PRODUCTS_DIR; };
		F832B1EA2832A5280071727A /* Tests_iOS.swift */ = {isa = PBXFileReference; lastKnownFileType = sourcecode.swift; path = Tests_iOS.swift; sourceTree = "<group>"; };
		F832B1EC2832A5280071727A /* Tests_iOSLaunchTests.swift */ = {isa = PBXFileReference; lastKnownFileType = sourcecode.swift; path = Tests_iOSLaunchTests.swift; sourceTree = "<group>"; };
		F832B1F22832A5280071727A /* Tests macOS.xctest */ = {isa = PBXFileReference; explicitFileType = wrapper.cfbundle; includeInIndex = 0; path = "Tests macOS.xctest"; sourceTree = BUILT_PRODUCTS_DIR; };
		F832B1F62832A5280071727A /* Tests_macOS.swift */ = {isa = PBXFileReference; lastKnownFileType = sourcecode.swift; path = Tests_macOS.swift; sourceTree = "<group>"; };
		F832B1F82832A5280071727A /* Tests_macOSLaunchTests.swift */ = {isa = PBXFileReference; lastKnownFileType = sourcecode.swift; path = Tests_macOSLaunchTests.swift; sourceTree = "<group>"; };
/* End PBXFileReference section */

/* Begin PBXFrameworksBuildPhase section */
		F832B1D62832A5280071727A /* Frameworks */ = {
			isa = PBXFrameworksBuildPhase;
			buildActionMask = 2147483647;
			files = (
			);
			runOnlyForDeploymentPostprocessing = 0;
		};
		F832B1DC2832A5280071727A /* Frameworks */ = {
			isa = PBXFrameworksBuildPhase;
			buildActionMask = 2147483647;
			files = (
			);
			runOnlyForDeploymentPostprocessing = 0;
		};
		F832B1E32832A5280071727A /* Frameworks */ = {
			isa = PBXFrameworksBuildPhase;
			buildActionMask = 2147483647;
			files = (
			);
			runOnlyForDeploymentPostprocessing = 0;
		};
		F832B1EF2832A5280071727A /* Frameworks */ = {
			isa = PBXFrameworksBuildPhase;
			buildActionMask = 2147483647;
			files = (
			);
			runOnlyForDeploymentPostprocessing = 0;
		};
/* End PBXFrameworksBuildPhase section */

/* Begin PBXGroup section */
		F832B1CC2832A5270071727A = {
			isa = PBXGroup;
			children = (
				F832B1D12832A5270071727A /* Shared */,
				F832B1E02832A5280071727A /* macOS */,
				F832B1E92832A5280071727A /* Tests iOS */,
				F832B1F52832A5280071727A /* Tests macOS */,
				F832B1DA2832A5280071727A /* Products */,
			);
			sourceTree = "<group>";
		};
		F832B1D12832A5270071727A /* Shared */ = {
			isa = PBXGroup;
			children = (
				F832B1D22832A5270071727A /* MVVMTestApp.swift */,
				F832B1D32832A5270071727A /* ContentView.swift */,
				F832B1D42832A5280071727A /* Assets.xcassets */,
			);
			path = Shared;
			sourceTree = "<group>";
		};
		F832B1DA2832A5280071727A /* Products */ = {
			isa = PBXGroup;
			children = (
				F832B1D92832A5280071727A /* MVVMTest.app */,
				F832B1DF2832A5280071727A /* MVVMTest.app */,
				F832B1E62832A5280071727A /* Tests iOS.xctest */,
				F832B1F22832A5280071727A /* Tests macOS.xctest */,
			);
			name = Products;
			sourceTree = "<group>";
		};
		F832B1E02832A5280071727A /* macOS */ = {
			isa = PBXGroup;
			children = (
				F832B1E12832A5280071727A /* macOS.entitlements */,
			);
			path = macOS;
			sourceTree = "<group>";
		};
		F832B1E92832A5280071727A /* Tests iOS */ = {
			isa = PBXGroup;
			children = (
				F832B1EA2832A5280071727A /* Tests_iOS.swift */,
				F832B1EC2832A5280071727A /* Tests_iOSLaunchTests.swift */,
			);
			path = "Tests iOS";
			sourceTree = "<group>";
		};
		F832B1F52832A5280071727A /* Tests macOS */ = {
			isa = PBXGroup;
			children = (
				F832B1F62832A5280071727A /* Tests_macOS.swift */,
				F832B1F82832A5280071727A /* Tests_macOSLaunchTests.swift */,
			);
			path = "Tests macOS";
			sourceTree = "<group>";
		};
/* End PBXGroup section */

/* Begin PBXNativeTarget section */
		F832B1D82832A5280071727A /* MVVMTest (iOS) */ = {
			isa = PBXNativeTarget;
			buildConfigurationList = F832B2022832A5280071727A /* Build configuration list for PBXNativeTarget "MVVMTest (iOS)" */;
			buildPhases = (
				F832B1D52832A5280071727A /* Sources */,
				F832B1D62832A5280071727A /* Frameworks */,
				F832B1D72832A5280071727A /* Resources */,
			);
			buildRules = (
			);
			dependencies = (
			);
			name = "MVVMTest (iOS)";
			productName = "MVVMTest (iOS)";
			productReference = F832B1D92832A5280071727A /* MVVMTest.app */;
			productType = "com.apple.product-type.application";
		};
		F832B1DE2832A5280071727A /* MVVMTest (macOS) */ = {
			isa = PBXNativeTarget;
			buildConfigurationList = F832B2052832A5280071727A /* Build configuration list for PBXNativeTarget "MVVMTest (macOS)" */;
			buildPhases = (
				F832B1DB2832A5280071727A /* Sources */,
				F832B1DC2832A5280071727A /* Frameworks */,
				F832B1DD2832A5280071727A /* Resources */,
			);
			buildRules = (
			);
			dependencies = (
			);
			name = "MVVMTest (macOS)";
			productName = "MVVMTest (macOS)";
			productReference = F832B1DF2832A5280071727A /* MVVMTest.app */;
			productType = "com.apple.product-type.application";
		};
		F832B1E52832A5280071727A /* Tests iOS */ = {
			isa = PBXNativeTarget;
			buildConfigurationList = F832B2082832A5280071727A /* Build configuration list for PBXNativeTarget "Tests iOS" */;
			buildPhases = (
				F832B1E22832A5280071727A /* Sources */,
				F832B1E32832A5280071727A /* Frameworks */,
				F832B1E42832A5280071727A /* Resources */,
			);
			buildRules = (
			);
			dependencies = (
				F832B1E82832A5280071727A /* PBXTargetDependency */,
			);
			name = "Tests iOS";
			productName = "Tests iOS";
			productReference = F832B1E62832A5280071727A /* Tests iOS.xctest */;
			productType = "com.apple.product-type.bundle.ui-testing";
		};
		F832B1F12832A5280071727A /* Tests macOS */ = {
			isa = PBXNativeTarget;
			buildConfigurationList = F832B20B2832A5280071727A /* Build configuration list for PBXNativeTarget "Tests macOS" */;
			buildPhases = (
				F832B1EE2832A5280071727A /* Sources */,
				F832B1EF2832A5280071727A /* Frameworks */,
				F832B1F02832A5280071727A /* Resources */,
			);
			buildRules = (
			);
			dependencies = (
				F832B1F42832A5280071727A /* PBXTargetDependency */,
			);
			name = "Tests macOS";
			productName = "Tests macOS";
			productReference = F832B1F22832A5280071727A /* Tests macOS.xctest */;
			productType = "com.apple.product-type.bundle.ui-testing";
		};
/* End PBXNativeTarget section */

/* Begin PBXProject section */
		F832B1CD2832A5270071727A /* Project object */ = {
			isa = PBXProject;
			attributes = {
				BuildIndependentTargetsInParallel = 1;
				LastSwiftUpdateCheck = 1330;
				LastUpgradeCheck = 1330;
				TargetAttributes = {
					F832B1D82832A5280071727A = {
						CreatedOnToolsVersion = 13.3.1;
					};
					F832B1DE2832A5280071727A = {
						CreatedOnToolsVersion = 13.3.1;
					};
					F832B1E52832A5280071727A = {
						CreatedOnToolsVersion = 13.3.1;
						TestTargetID = F832B1D82832A5280071727A;
					};
					F832B1F12832A5280071727A = {
						CreatedOnToolsVersion = 13.3.1;
						TestTargetID = F832B1DE2832A5280071727A;
					};
				};
			};
			buildConfigurationList = F832B1D02832A5270071727A /* Build configuration list for PBXProject "MVVMTest" */;
			compatibilityVersion = "Xcode 13.0";
			developmentRegion = en;
			hasScannedForEncodings = 0;
			knownRegions = (
				en,
				Base,
			);
			mainGroup = F832B1CC2832A5270071727A;
			productRefGroup = F832B1DA2832A5280071727A /* Products */;
			projectDirPath = "";
			projectRoot = "";
			targets = (
				F832B1D82832A5280071727A /* MVVMTest (iOS) */,
				F832B1DE2832A5280071727A /* MVVMTest (macOS) */,
				F832B1E52832A5280071727A /* Tests iOS */,
				F832B1F12832A5280071727A /* Tests macOS */,
			);
		};
/* End PBXProject section */

/* Begin PBXResourcesBuildPhase section */
		F832B1D72832A5280071727A /* Resources */ = {
			isa = PBXResourcesBuildPhase;
			buildActionMask = 2147483647;
			files = (
				F832B1FE2832A5280071727A /* Assets.xcassets in Resources */,
			);
			runOnlyForDeploymentPostprocessing = 0;
		};
		F832B1DD2832A5280071727A /* Resources */ = {
			isa = PBXResourcesBuildPhase;
			buildActionMask = 2147483647;
			files = (
				F832B1FF2832A5280071727A /* Assets.xcassets in Resources */,
			);
			runOnlyForDeploymentPostprocessing = 0;
		};
		F832B1E42832A5280071727A /* Resources */ = {
			isa = PBXResourcesBuildPhase;
			buildActionMask = 2147483647;
			files = (
			);
			runOnlyForDeploymentPostprocessing = 0;
		};
		F832B1F02832A5280071727A /* Resources */ = {
			isa = PBXResourcesBuildPhase;
			buildActionMask = 2147483647;
			files = (
			);
			runOnlyForDeploymentPostprocessing = 0;
		};
/* End PBXResourcesBuildPhase section */

/* Begin PBXSourcesBuildPhase section */
		F832B1D52832A5280071727A /* Sources */ = {
			isa = PBXSourcesBuildPhase;
			buildActionMask = 2147483647;
			files = (
				F832B1FC2832A5280071727A /* ContentView.swift in Sources */,
				F832B1FA2832A5280071727A /* MVVMTestApp.swift in Sources */,
			);
			runOnlyForDeploymentPostprocessing = 0;
		};
		F832B1DB2832A5280071727A /* Sources */ = {
			isa = PBXSourcesBuildPhase;
			buildActionMask = 2147483647;
			files = (
				F832B1FD2832A5280071727A /* ContentView.swift in Sources */,
				F832B1FB2832A5280071727A /* MVVMTestApp.swift in Sources */,
			);
			runOnlyForDeploymentPostprocessing = 0;
		};
		F832B1E22832A5280071727A /* Sources */ = {
			isa = PBXSourcesBuildPhase;
			buildActionMask = 2147483647;
			files = (
				F832B1ED2832A5280071727A /* Tests_iOSLaunchTests.swift in Sources */,
				F832B1EB2832A5280071727A /* Tests_iOS.swift in Sources */,
			);
			runOnlyForDeploymentPostprocessing = 0;
		};
		F832B1EE2832A5280071727A /* Sources */ = {
			isa = PBXSourcesBuildPhase;
			buildActionMask = 2147483647;
			files = (
				F832B1F92832A5280071727A /* Tests_macOSLaunchTests.swift in Sources */,
				F832B1F72832A5280071727A /* Tests_macOS.swift in Sources */,
			);
			runOnlyForDeploymentPostprocessing = 0;
		};
/* End PBXSourcesBuildPhase section */

/* Begin PBXTargetDependency section */
		F832B1E82832A5280071727A /* PBXTargetDependency */ = {
			isa = PBXTargetDependency;
			target = F832B1D82832A5280071727A /* MVVMTest (iOS) */;
			targetProxy = F832B1E72832A5280071727A /* PBXContainerItemProxy */;
		};
		F832B1F42832A5280071727A /* PBXTargetDependency */ = {
			isa = PBXTargetDependency;
			target = F832B1DE2832A5280071727A /* MVVMTest (macOS) */;
			targetProxy = F832B1F32832A5280071727A /* PBXContainerItemProxy */;
		};
/* End PBXTargetDependency section */

/* Begin XCBuildConfiguration section */
		F832B2002832A5280071727A /* Debug */ = {
			isa = XCBuildConfiguration;
			buildSettings = {
				ALWAYS_SEARCH_USER_PATHS = NO;
				CLANG_ANALYZER_NONNULL = YES;
				CLANG_ANALYZER_NUMBER_OBJECT_CONVERSION = YES_AGGRESSIVE;
				CLANG_CXX_LANGUAGE_STANDARD = "gnu++17";
				CLANG_ENABLE_MODULES = YES;
				CLANG_ENABLE_OBJC_ARC = YES;
				CLANG_ENABLE_OBJC_WEAK = YES;
				CLANG_WARN_BLOCK_CAPTURE_AUTORELEASING = YES;
				CLANG_WARN_BOOL_CONVERSION = YES;
				CLANG_WARN_COMMA = YES;
				CLANG_WARN_CONSTANT_CONVERSION = YES;
				CLANG_WARN_DEPRECATED_OBJC_IMPLEMENTATIONS = YES;
				CLANG_WARN_DIRECT_OBJC_ISA_USAGE = YES_ERROR;
				CLANG_WARN_DOCUMENTATION_COMMENTS = YES;
				CLANG_WARN_EMPTY_BODY = YES;
				CLANG_WARN_ENUM_CONVERSION = YES;
				CLANG_WARN_INFINITE_RECURSION = YES;
				CLANG_WARN_INT_CONVERSION = YES;
				CLANG_WARN_NON_LITERAL_NULL_CONVERSION = YES;
				CLANG_WARN_OBJC_IMPLICIT_RETAIN_SELF = YES;
				CLANG_WARN_OBJC_LITERAL_CONVERSION = YES;
				CLANG_WARN_OBJC_ROOT_CLASS = YES_ERROR;
				CLANG_WARN_QUOTED_INCLUDE_IN_FRAMEWORK_HEADER = YES;
				CLANG_WARN_RANGE_LOOP_ANALYSIS = YES;
				CLANG_WARN_STRICT_PROTOTYPES = YES;
				CLANG_WARN_SUSPICIOUS_MOVE = YES;
				CLANG_WARN_UNGUARDED_AVAILABILITY = YES_AGGRESSIVE;
				CLANG_WARN_UNREACHABLE_CODE = YES;
				CLANG_WARN__DUPLICATE_METHOD_MATCH = YES;
				COPY_PHASE_STRIP = NO;
				DEBUG_INFORMATION_FORMAT = dwarf;
				ENABLE_STRICT_OBJC_MSGSEND = YES;
				ENABLE_TESTABILITY = YES;
				GCC_C_LANGUAGE_STANDARD = gnu11;
				GCC_DYNAMIC_NO_PIC = NO;
				GCC_NO_COMMON_BLOCKS = YES;
				GCC_OPTIMIZATION_LEVEL = 0;
				GCC_PREPROCESSOR_DEFINITIONS = (
					"DEBUG=1",
					"$(inherited)",
				);
				GCC_WARN_64_TO_32_BIT_CONVERSION = YES;
				GCC_WARN_ABOUT_RETURN_TYPE = YES_ERROR;
				GCC_WARN_UNDECLARED_SELECTOR = YES;
				GCC_WARN_UNINITIALIZED_AUTOS = YES_AGGRESSIVE;
				GCC_WARN_UNUSED_FUNCTION = YES;
				GCC_WARN_UNUSED_VARIABLE = YES;
				MTL_ENABLE_DEBUG_INFO = INCLUDE_SOURCE;
				MTL_FAST_MATH = YES;
				ONLY_ACTIVE_ARCH = YES;
				SWIFT_ACTIVE_COMPILATION_CONDITIONS = DEBUG;
				SWIFT_OPTIMIZATION_LEVEL = "-Onone";
			};
			name = Debug;
		};
		F832B2012832A5280071727A /* Release */ = {
			isa = XCBuildConfiguration;
			buildSettings = {
				ALWAYS_SEARCH_USER_PATHS = NO;
				CLANG_ANALYZER_NONNULL = YES;
				CLANG_ANALYZER_NUMBER_OBJECT_CONVERSION = YES_AGGRESSIVE;
				CLANG_CXX_LANGUAGE_STANDARD = "gnu++17";
				CLANG_ENABLE_MODULES = YES;
				CLANG_ENABLE_OBJC_ARC = YES;
				CLANG_ENABLE_OBJC_WEAK = YES;
				CLANG_WARN_BLOCK_CAPTURE_AUTORELEASING = YES;
				CLANG_WARN_BOOL_CONVERSION = YES;
				CLANG_WARN_COMMA = YES;
				CLANG_WARN_CONSTANT_CONVERSION = YES;
				CLANG_WARN_DEPRECATED_OBJC_IMPLEMENTATIONS = YES;
				CLANG_WARN_DIRECT_OBJC_ISA_USAGE = YES_ERROR;
				CLANG_WARN_DOCUMENTATION_COMMENTS = YES;
				CLANG_WARN_EMPTY_BODY = YES;
				CLANG_WARN_ENUM_CONVERSION = YES;
				CLANG_WARN_INFINITE_RECURSION = YES;
				CLANG_WARN_INT_CONVERSION = YES;
				CLANG_WARN_NON_LITERAL_NULL_CONVERSION = YES;
				CLANG_WARN_OBJC_IMPLICIT_RETAIN_SELF = YES;
				CLANG_WARN_OBJC_LITERAL_CONVERSION = YES;
				CLANG_WARN_OBJC_ROOT_CLASS = YES_ERROR;
				CLANG_WARN_QUOTED_INCLUDE_IN_FRAMEWORK_HEADER = YES;
				CLANG_WARN_RANGE_LOOP_ANALYSIS = YES;
				CLANG_WARN_STRICT_PROTOTYPES = YES;
				CLANG_WARN_SUSPICIOUS_MOVE = YES;
				CLANG_WARN_UNGUARDED_AVAILABILITY = YES_AGGRESSIVE;
				CLANG_WARN_UNREACHABLE_CODE = YES;
				CLANG_WARN__DUPLICATE_METHOD_MATCH = YES;
				COPY_PHASE_STRIP = NO;
				DEBUG_INFORMATION_FORMAT = "dwarf-with-dsym";
				ENABLE_NS_ASSERTIONS = NO;
				ENABLE_STRICT_OBJC_MSGSEND = YES;
				GCC_C_LANGUAGE_STANDARD = gnu11;
				GCC_NO_COMMON_BLOCKS = YES;
				GCC_WARN_64_TO_32_BIT_CONVERSION = YES;
				GCC_WARN_ABOUT_RETURN_TYPE = YES_ERROR;
				GCC_WARN_UNDECLARED_SELECTOR = YES;
				GCC_WARN_UNINITIALIZED_AUTOS = YES_AGGRESSIVE;
				GCC_WARN_UNUSED_FUNCTION = YES;
				GCC_WARN_UNUSED_VARIABLE = YES;
				MTL_ENABLE_DEBUG_INFO = NO;
				MTL_FAST_MATH = YES;
				SWIFT_COMPILATION_MODE = wholemodule;
				SWIFT_OPTIMIZATION_LEVEL = "-O";
			};
			name = Release;
		};
		F832B2032832A5280071727A /* Debug */ = {
			isa = XCBuildConfiguration;
			buildSettings = {
				ASSETCATALOG_COMPILER_APPICON_NAME = AppIcon;
				ASSETCATALOG_COMPILER_GLOBAL_ACCENT_COLOR_NAME = AccentColor;
				CODE_SIGN_STYLE = Automatic;
				CURRENT_PROJECT_VERSION = 1;
				ENABLE_PREVIEWS = YES;
				GENERATE_INFOPLIST_FILE = YES;
				INFOPLIST_KEY_UIApplicationSceneManifest_Generation = YES;
				INFOPLIST_KEY_UIApplicationSupportsIndirectInputEvents = YES;
				INFOPLIST_KEY_UILaunchScreen_Generation = YES;
				INFOPLIST_KEY_UISupportedInterfaceOrientations_iPad = "UIInterfaceOrientationPortrait UIInterfaceOrientationPortraitUpsideDown UIInterfaceOrientationLandscapeLeft UIInterfaceOrientationLandscapeRight";
				INFOPLIST_KEY_UISupportedInterfaceOrientations_iPhone = "UIInterfaceOrientationPortrait UIInterfaceOrientationLandscapeLeft UIInterfaceOrientationLandscapeRight";
				IPHONEOS_DEPLOYMENT_TARGET = 15.4;
				LD_RUNPATH_SEARCH_PATHS = (
					"$(inherited)",
					"@executable_path/Frameworks",
				);
				MARKETING_VERSION = 1.0;
				PRODUCT_BUNDLE_IDENTIFIER = cup.MVVMTest;
				PRODUCT_NAME = MVVMTest;
				SDKROOT = iphoneos;
				SWIFT_EMIT_LOC_STRINGS = YES;
				SWIFT_VERSION = 5.0;
				TARGETED_DEVICE_FAMILY = "1,2";
			};
			name = Debug;
		};
		F832B2042832A5280071727A /* Release */ = {
			isa = XCBuildConfiguration;
			buildSettings = {
				ASSETCATALOG_COMPILER_APPICON_NAME = AppIcon;
				ASSETCATALOG_COMPILER_GLOBAL_ACCENT_COLOR_NAME = AccentColor;
				CODE_SIGN_STYLE = Automatic;
				CURRENT_PROJECT_VERSION = 1;
				ENABLE_PREVIEWS = YES;
				GENERATE_INFOPLIST_FILE = YES;
				INFOPLIST_KEY_UIApplicationSceneManifest_Generation = YES;
				INFOPLIST_KEY_UIApplicationSupportsIndirectInputEvents = YES;
				INFOPLIST_KEY_UILaunchScreen_Generation = YES;
				INFOPLIST_KEY_UISupportedInterfaceOrientations_iPad = "UIInterfaceOrientationPortrait UIInterfaceOrientationPortraitUpsideDown UIInterfaceOrientationLandscapeLeft UIInterfaceOrientationLandscapeRight";
				INFOPLIST_KEY_UISupportedInterfaceOrientations_iPhone = "UIInterfaceOrientationPortrait UIInterfaceOrientationLandscapeLeft UIInterfaceOrientationLandscapeRight";
				IPHONEOS_DEPLOYMENT_TARGET = 15.4;
				LD_RUNPATH_SEARCH_PATHS = (
					"$(inherited)",
					"@executable_path/Frameworks",
				);
				MARKETING_VERSION = 1.0;
				PRODUCT_BUNDLE_IDENTIFIER = cup.MVVMTest;
				PRODUCT_NAME = MVVMTest;
				SDKROOT = iphoneos;
				SWIFT_EMIT_LOC_STRINGS = YES;
				SWIFT_VERSION = 5.0;
				TARGETED_DEVICE_FAMILY = "1,2";
				VALIDATE_PRODUCT = YES;
			};
			name = Release;
		};
		F832B2062832A5280071727A /* Debug */ = {
			isa = XCBuildConfiguration;
			buildSettings = {
				ASSETCATALOG_COMPILER_APPICON_NAME = AppIcon;
				ASSETCATALOG_COMPILER_GLOBAL_ACCENT_COLOR_NAME = AccentColor;
				CODE_SIGN_ENTITLEMENTS = macOS/macOS.entitlements;
				CODE_SIGN_STYLE = Automatic;
				COMBINE_HIDPI_IMAGES = YES;
				CURRENT_PROJECT_VERSION = 1;
				ENABLE_PREVIEWS = YES;
				GENERATE_INFOPLIST_FILE = YES;
				INFOPLIST_KEY_NSHumanReadableCopyright = "";
				LD_RUNPATH_SEARCH_PATHS = (
					"$(inherited)",
					"@executable_path/../Frameworks",
				);
				MACOSX_DEPLOYMENT_TARGET = 12.0;
				MARKETING_VERSION = 1.0;
				PRODUCT_BUNDLE_IDENTIFIER = cup.MVVMTest;
				PRODUCT_NAME = MVVMTest;
				SDKROOT = macosx;
				SWIFT_EMIT_LOC_STRINGS = YES;
				SWIFT_VERSION = 5.0;
			};
			name = Debug;
		};
		F832B2072832A5280071727A /* Release */ = {
			isa = XCBuildConfiguration;
			buildSettings = {
				ASSETCATALOG_COMPILER_APPICON_NAME = AppIcon;
				ASSETCATALOG_COMPILER_GLOBAL_ACCENT_COLOR_NAME = AccentColor;
				CODE_SIGN_ENTITLEMENTS = macOS/macOS.entitlements;
				CODE_SIGN_STYLE = Automatic;
				COMBINE_HIDPI_IMAGES = YES;
				CURRENT_PROJECT_VERSION = 1;
				ENABLE_PREVIEWS = YES;
				GENERATE_INFOPLIST_FILE = YES;
				INFOPLIST_KEY_NSHumanReadableCopyright = "";
				LD_RUNPATH_SEARCH_PATHS = (
					"$(inherited)",
					"@executable_path/../Frameworks",
				);
				MACOSX_DEPLOYMENT_TARGET = 12.0;
				MARKETING_VERSION = 1.0;
				PRODUCT_BUNDLE_IDENTIFIER = cup.MVVMTest;
				PRODUCT_NAME = MVVMTest;
				SDKROOT = macosx;
				SWIFT_EMIT_LOC_STRINGS = YES;
				SWIFT_VERSION = 5.0;
			};
			name = Release;
		};
		F832B2092832A5280071727A /* Debug */ = {
			isa = XCBuildConfiguration;
			buildSettings = {
				ALWAYS_EMBED_SWIFT_STANDARD_LIBRARIES = YES;
				CODE_SIGN_STYLE = Automatic;
				CURRENT_PROJECT_VERSION = 1;
				GENERATE_INFOPLIST_FILE = YES;
				IPHONEOS_DEPLOYMENT_TARGET = 15.4;
				MARKETING_VERSION = 1.0;
				PRODUCT_BUNDLE_IDENTIFIER = "cup.Tests-iOS";
				PRODUCT_NAME = "$(TARGET_NAME)";
				SDKROOT = iphoneos;
				SWIFT_EMIT_LOC_STRINGS = NO;
				SWIFT_VERSION = 5.0;
				TARGETED_DEVICE_FAMILY = "1,2";
				TEST_TARGET_NAME = "MVVMTest (iOS)";
			};
			name = Debug;
		};
		F832B20A2832A5280071727A /* Release */ = {
			isa = XCBuildConfiguration;
			buildSettings = {
				ALWAYS_EMBED_SWIFT_STANDARD_LIBRARIES = YES;
				CODE_SIGN_STYLE = Automatic;
				CURRENT_PROJECT_VERSION = 1;
				GENERATE_INFOPLIST_FILE = YES;
				IPHONEOS_DEPLOYMENT_TARGET = 15.4;
				MARKETING_VERSION = 1.0;
				PRODUCT_BUNDLE_IDENTIFIER = "cup.Tests-iOS";
				PRODUCT_NAME = "$(TARGET_NAME)";
				SDKROOT = iphoneos;
				SWIFT_EMIT_LOC_STRINGS = NO;
				SWIFT_VERSION = 5.0;
				TARGETED_DEVICE_FAMILY = "1,2";
				TEST_TARGET_NAME = "MVVMTest (iOS)";
				VALIDATE_PRODUCT = YES;
			};
			name = Release;
		};
		F832B20C2832A5280071727A /* Debug */ = {
			isa = XCBuildConfiguration;
			buildSettings = {
				ALWAYS_EMBED_SWIFT_STANDARD_LIBRARIES = YES;
				CODE_SIGN_STYLE = Automatic;
				CURRENT_PROJECT_VERSION = 1;
				GENERATE_INFOPLIST_FILE = YES;
				MACOSX_DEPLOYMENT_TARGET = 12.0;
				MARKETING_VERSION = 1.0;
				PRODUCT_BUNDLE_IDENTIFIER = "cup.Tests-macOS";
				PRODUCT_NAME = "$(TARGET_NAME)";
				SDKROOT = macosx;
				SWIFT_EMIT_LOC_STRINGS = NO;
				SWIFT_VERSION = 5.0;
				TEST_TARGET_NAME = "MVVMTest (macOS)";
			};
			name = Debug;
		};
		F832B20D2832A5280071727A /* Release */ = {
			isa = XCBuildConfiguration;
			buildSettings = {
				ALWAYS_EMBED_SWIFT_STANDARD_LIBRARIES = YES;
				CODE_SIGN_STYLE = Automatic;
				CURRENT_PROJECT_VERSION = 1;
				GENERATE_INFOPLIST_FILE = YES;
				MACOSX_DEPLOYMENT_TARGET = 12.0;
				MARKETING_VERSION = 1.0;
				PRODUCT_BUNDLE_IDENTIFIER = "cup.Tests-macOS";
				PRODUCT_NAME = "$(TARGET_NAME)";
				SDKROOT = macosx;
				SWIFT_EMIT_LOC_STRINGS = NO;
				SWIFT_VERSION = 5.0;
				TEST_TARGET_NAME = "MVVMTest (macOS)";
			};
			name = Release;
		};
/* End XCBuildConfiguration section */

/* Begin XCConfigurationList section */
		F832B1D02832A5270071727A /* Build configuration list for PBXProject "MVVMTest" */ = {
			isa = XCConfigurationList;
			buildConfigurations = (
				F832B2002832A5280071727A /* Debug */,
				F832B2012832A5280071727A /* Release */,
			);
			defaultConfigurationIsVisible = 0;
			defaultConfigurationName = Release;
		};
		F832B2022832A5280071727A /* Build configuration list for PBXNativeTarget "MVVMTest (iOS)" */ = {
			isa = XCConfigurationList;
			buildConfigurations = (
				F832B2032832A5280071727A /* Debug */,
				F832B2042832A5280071727A /* Release */,
			);
			defaultConfigurationIsVisible = 0;
			defaultConfigurationName = Release;
		};
		F832B2052832A5280071727A /* Build configuration list for PBXNativeTarget "MVVMTest (macOS)" */ = {
			isa = XCConfigurationList;
			buildConfigurations = (
				F832B2062832A5280071727A /* Debug */,
				F832B2072832A5280071727A /* Release */,
			);
			defaultConfigurationIsVisible = 0;
			defaultConfigurationName = Release;
		};
		F832B2082832A5280071727A /* Build configuration list for PBXNativeTarget "Tests iOS" */ = {
			isa = XCConfigurationList;
			buildConfigurations = (
				F832B2092832A5280071727A /* Debug */,
				F832B20A2832A5280071727A /* Release */,
			);
			defaultConfigurationIsVisible = 0;
			defaultConfigurationName = Release;
		};
		F832B20B2832A5280071727A /* Build configuration list for PBXNativeTarget "Tests macOS" */ = {
			isa = XCConfigurationList;
			buildConfigurations = (
				F832B20C2832A5280071727A /* Debug */,
				F832B20D2832A5280071727A /* Release */,
			);
			defaultConfigurationIsVisible = 0;
			defaultConfigurationName = Release;
		};
/* End XCConfigurationList section */
	};
	rootObject = F832B1CD2832A5270071727A /* Project object */;
}
